
Microsoft Visual Studio Solution File, Format Version 12.00
# Visual Studio Version 17
VisualStudioVersion = 17.8.34525.116
MinimumVisualStudioVersion = 10.0.40219.1
Project("{FAE04EC0-301F-11D3-BF4B-00C04F79EFBC}") = "ahaaa", "ahaaa\ahaaa.csproj", "{F470A154-ADBE-4BEA-A33C-9D5D1917B589}"
EndProject
Global
	GlobalSection(SolutionConfigurationPlatforms) = preSolution
		Debug|Any CPU = Debug|Any CPU
		Release|Any CPU = Release|Any CPU
	EndGlobalSection
	GlobalSection(ProjectConfigurationPlatforms) = postSolution
		{F470A154-ADBE-4BEA-A33C-9D5D1917B589}.Debug|Any CPU.ActiveCfg = Debug|Any CPU
		{F470A154-ADBE-4BEA-A33C-9D5D1917B589}.Debug|Any CPU.Build.0 = Debug|Any CPU
		{F470A154-ADBE-4BEA-A33C-9D5D1917B589}.Release|Any CPU.ActiveCfg = Release|Any CPU
		{F470A154-ADBE-4BEA-A33C-9D5D1917B589}.Release|Any CPU.Build.0 = Release|Any CPU
	EndGlobalSection
	GlobalSection(SolutionProperties) = preSolution
		HideSolutionNode = FALSE
	EndGlobalSection
	GlobalSection(ExtensibilityGlobals) = postSolution
		SolutionGuid = {A2C0C14D-1514-44F9-BC9B-F185ED584024}
	EndGlobalSection
EndGlobal
