
Microsoft Visual Studio Solution File, Format Version 12.00
# Visual Studio Version 17
VisualStudioVersion = 17.8.34525.116
MinimumVisualStudioVersion = 10.0.40219.1
Project("{FAE04EC0-301F-11D3-BF4B-00C04F79EFBC}") = "ConsoleApp1", "ConsoleApp1\ConsoleApp1.csproj", "{3F60178D-CCF6-4E0B-9ED7-C920E8BC5B3F}"
EndProject
Global
	GlobalSection(SolutionConfigurationPlatforms) = preSolution
		Debug|Any CPU = Debug|Any CPU
		Release|Any CPU = Release|Any CPU
	EndGlobalSection
	GlobalSection(ProjectConfigurationPlatforms) = postSolution
		{3F60178D-CCF6-4E0B-9ED7-C920E8BC5B3F}.Debug|Any CPU.ActiveCfg = Debug|Any CPU
		{3F60178D-CCF6-4E0B-9ED7-C920E8BC5B3F}.Debug|Any CPU.Build.0 = Debug|Any CPU
		{3F60178D-CCF6-4E0B-9ED7-C920E8BC5B3F}.Release|Any CPU.ActiveCfg = Release|Any CPU
		{3F60178D-CCF6-4E0B-9ED7-C920E8BC5B3F}.Release|Any CPU.Build.0 = Release|Any CPU
	EndGlobalSection
	GlobalSection(SolutionProperties) = preSolution
		HideSolutionNode = FALSE
	EndGlobalSection
	GlobalSection(ExtensibilityGlobals) = postSolution
		SolutionGuid = {BB0FAD5E-53CA-4CE3-A7A3-AF73A1A064FD}
	EndGlobalSection
EndGlobal
